
Microsoft Visual Studio Solution File, Format Version 12.00
# Visual Studio Version 17
VisualStudioVersion = 17.7.34018.315
MinimumVisualStudioVersion = 10.0.40219.1
Project("{2150E333-8FDC-42A3-9474-1A3956D46DE8}") = "src", "src", "{A360152E-7BC2-4290-9BF9-E9C606B09F3C}"
EndProject
Project("{9A19103F-16F7-4668-BE54-9A1E7A4F7556}") = "Application", "src\Application\Application.csproj", "{1A585468-FBAA-4D2C-AF7A-8649EAD64ABD}"
EndProject
Project("{9A19103F-16F7-4668-BE54-9A1E7A4F7556}") = "Domain", "src\Domain\Domain.csproj", "{84FDAF8C-78E2-49CB-8864-6FCD00C085BC}"
EndProject
Project("{9A19103F-16F7-4668-BE54-9A1E7A4F7556}") = "Web API", "src\Web API\Web API.csproj", "{B6FB342F-B8EE-4EB5-81FE-CFF37D164B31}"
EndProject
Project("{2150E333-8FDC-42A3-9474-1A3956D46DE8}") = "tests", "tests", "{BF9CE221-51D2-49A5-8FBF-B5C7B3D7A6F1}"
EndProject
Project("{9A19103F-16F7-4668-BE54-9A1E7A4F7556}") = "Infrastructure", "src\Infrastructure\Infrastructure.csproj", "{BC66BE16-B61B-4A1D-8CD7-14D06DE5D423}"
EndProject
Project("{9A19103F-16F7-4668-BE54-9A1E7A4F7556}") = "ApplicationUnitTests", "tests\ApplicationUnitTests\ApplicationUnitTests.csproj", "{1E804A10-61A8-4C69-98C7-18277EDEBC98}"
EndProject
Project("{00D1A9C2-B5F0-4AF3-8072-F6C62B433612}") = "MerchantiseDB", "MerchantiseDB\MerchantiseDB.sqlproj", "{A9ED136F-19CD-4231-91BC-B1F75DE0C12C}"
EndProject
Global
	GlobalSection(SolutionConfigurationPlatforms) = preSolution
		Debug|Any CPU = Debug|Any CPU
		Release|Any CPU = Release|Any CPU
	EndGlobalSection
	GlobalSection(ProjectConfigurationPlatforms) = postSolution
		{1A585468-FBAA-4D2C-AF7A-8649EAD64ABD}.Debug|Any CPU.ActiveCfg = Debug|Any CPU
		{1A585468-FBAA-4D2C-AF7A-8649EAD64ABD}.Debug|Any CPU.Build.0 = Debug|Any CPU
		{1A585468-FBAA-4D2C-AF7A-8649EAD64ABD}.Release|Any CPU.ActiveCfg = Release|Any CPU
		{1A585468-FBAA-4D2C-AF7A-8649EAD64ABD}.Release|Any CPU.Build.0 = Release|Any CPU
		{84FDAF8C-78E2-49CB-8864-6FCD00C085BC}.Debug|Any CPU.ActiveCfg = Debug|Any CPU
		{84FDAF8C-78E2-49CB-8864-6FCD00C085BC}.Debug|Any CPU.Build.0 = Debug|Any CPU
		{84FDAF8C-78E2-49CB-8864-6FCD00C085BC}.Release|Any CPU.ActiveCfg = Release|Any CPU
		{84FDAF8C-78E2-49CB-8864-6FCD00C085BC}.Release|Any CPU.Build.0 = Release|Any CPU
		{B6FB342F-B8EE-4EB5-81FE-CFF37D164B31}.Debug|Any CPU.ActiveCfg = Debug|Any CPU
		{B6FB342F-B8EE-4EB5-81FE-CFF37D164B31}.Debug|Any CPU.Build.0 = Debug|Any CPU
		{B6FB342F-B8EE-4EB5-81FE-CFF37D164B31}.Release|Any CPU.ActiveCfg = Release|Any CPU
		{B6FB342F-B8EE-4EB5-81FE-CFF37D164B31}.Release|Any CPU.Build.0 = Release|Any CPU
		{BC66BE16-B61B-4A1D-8CD7-14D06DE5D423}.Debug|Any CPU.ActiveCfg = Debug|Any CPU
		{BC66BE16-B61B-4A1D-8CD7-14D06DE5D423}.Debug|Any CPU.Build.0 = Debug|Any CPU
		{BC66BE16-B61B-4A1D-8CD7-14D06DE5D423}.Release|Any CPU.ActiveCfg = Release|Any CPU
		{BC66BE16-B61B-4A1D-8CD7-14D06DE5D423}.Release|Any CPU.Build.0 = Release|Any CPU
		{1E804A10-61A8-4C69-98C7-18277EDEBC98}.Debug|Any CPU.ActiveCfg = Debug|Any CPU
		{1E804A10-61A8-4C69-98C7-18277EDEBC98}.Debug|Any CPU.Build.0 = Debug|Any CPU
		{1E804A10-61A8-4C69-98C7-18277EDEBC98}.Release|Any CPU.ActiveCfg = Release|Any CPU
		{1E804A10-61A8-4C69-98C7-18277EDEBC98}.Release|Any CPU.Build.0 = Release|Any CPU
		{A9ED136F-19CD-4231-91BC-B1F75DE0C12C}.Debug|Any CPU.ActiveCfg = Debug|Any CPU
		{A9ED136F-19CD-4231-91BC-B1F75DE0C12C}.Debug|Any CPU.Build.0 = Debug|Any CPU
		{A9ED136F-19CD-4231-91BC-B1F75DE0C12C}.Debug|Any CPU.Deploy.0 = Debug|Any CPU
		{A9ED136F-19CD-4231-91BC-B1F75DE0C12C}.Release|Any CPU.ActiveCfg = Release|Any CPU
		{A9ED136F-19CD-4231-91BC-B1F75DE0C12C}.Release|Any CPU.Build.0 = Release|Any CPU
		{A9ED136F-19CD-4231-91BC-B1F75DE0C12C}.Release|Any CPU.Deploy.0 = Release|Any CPU
	EndGlobalSection
	GlobalSection(SolutionProperties) = preSolution
		HideSolutionNode = FALSE
	EndGlobalSection
	GlobalSection(NestedProjects) = preSolution
		{1A585468-FBAA-4D2C-AF7A-8649EAD64ABD} = {A360152E-7BC2-4290-9BF9-E9C606B09F3C}
		{84FDAF8C-78E2-49CB-8864-6FCD00C085BC} = {A360152E-7BC2-4290-9BF9-E9C606B09F3C}
		{B6FB342F-B8EE-4EB5-81FE-CFF37D164B31} = {A360152E-7BC2-4290-9BF9-E9C606B09F3C}
		{BC66BE16-B61B-4A1D-8CD7-14D06DE5D423} = {A360152E-7BC2-4290-9BF9-E9C606B09F3C}
		{1E804A10-61A8-4C69-98C7-18277EDEBC98} = {BF9CE221-51D2-49A5-8FBF-B5C7B3D7A6F1}
	EndGlobalSection
	GlobalSection(ExtensibilityGlobals) = postSolution
		SolutionGuid = {E36C92A9-4870-4A26-AA08-F1A43FCBE9A7}
	EndGlobalSection
EndGlobal
